
Microsoft Visual Studio Solution File, Format Version 12.00
# Visual Studio Version 17
VisualStudioVersion = 17.11.35219.272
MinimumVisualStudioVersion = 10.0.40219.1
Project("{FAE04EC0-301F-11D3-BF4B-00C04F79EFBC}") = "01_MainSubjects", "01_MainSubjects\01_MainSubjects.csproj", "{33E136BF-44FD-4F86-BB98-C5BC4C4FC7BD}"
EndProject
Project("{FAE04EC0-301F-11D3-BF4B-00C04F79EFBC}") = "02_Variables", "02_Variables\02_Variables.csproj", "{A77B0210-4848-4FC0-9BEB-6A0CF8283B26}"
EndProject
Project("{FAE04EC0-301F-11D3-BF4B-00C04F79EFBC}") = "03_MakingDecision", "03_MakingDecision\03_MakingDecision.csproj", "{A89D6D40-92CC-4DDF-ABF6-7A1FF96AD90C}"
EndProject
Project("{FAE04EC0-301F-11D3-BF4B-00C04F79EFBC}") = "04_Loops", "04_Loops\04_Loops.csproj", "{A3C48AA9-DEB4-4B88-B9B4-6577941DE88B}"
EndProject
Project("{FAE04EC0-301F-11D3-BF4B-00C04F79EFBC}") = "05_LoopsWithStars", "05_LoopsWithStars\05_LoopsWithStars.csproj", "{703D8FC7-4744-4179-9CD7-FCF7303BCF76}"
EndProject
Project("{FAE04EC0-301F-11D3-BF4B-00C04F79EFBC}") = "06_Arrays", "06_Arrays\06_Arrays.csproj", "{9F4C4DFC-DE15-4AD1-B599-69A966D423B7}"
EndProject
Project("{FAE04EC0-301F-11D3-BF4B-00C04F79EFBC}") = "07_ForeachLoop", "07_ForeachLoop\07_ForeachLoop.csproj", "{DB6C696D-3D2D-46E1-A9AD-433B7D52DAF8}"
EndProject
Project("{FAE04EC0-301F-11D3-BF4B-00C04F79EFBC}") = "08_Methods", "08_Methods\08_Methods.csproj", "{61DC5C8C-A376-4DF6-8A63-8425D7B33297}"
EndProject
Project("{FAE04EC0-301F-11D3-BF4B-00C04F79EFBC}") = "09_DatabaseProject", "09_DatabaseProject\09_DatabaseProject.csproj", "{77C6F970-C468-40E2-8E41-472E1ACD53AA}"
EndProject
Project("{FAE04EC0-301F-11D3-BF4B-00C04F79EFBC}") = "10_DatabaseCrud", "10_DatabaseCrud\10_DatabaseCrud.csproj", "{F4E0C0DB-BC7D-4CF8-B82A-042C06EAFBF3}"
EndProject
Global
	GlobalSection(SolutionConfigurationPlatforms) = preSolution
		Debug|Any CPU = Debug|Any CPU
		Release|Any CPU = Release|Any CPU
	EndGlobalSection
	GlobalSection(ProjectConfigurationPlatforms) = postSolution
		{33E136BF-44FD-4F86-BB98-C5BC4C4FC7BD}.Debug|Any CPU.ActiveCfg = Debug|Any CPU
		{33E136BF-44FD-4F86-BB98-C5BC4C4FC7BD}.Debug|Any CPU.Build.0 = Debug|Any CPU
		{33E136BF-44FD-4F86-BB98-C5BC4C4FC7BD}.Release|Any CPU.ActiveCfg = Release|Any CPU
		{33E136BF-44FD-4F86-BB98-C5BC4C4FC7BD}.Release|Any CPU.Build.0 = Release|Any CPU
		{A77B0210-4848-4FC0-9BEB-6A0CF8283B26}.Debug|Any CPU.ActiveCfg = Debug|Any CPU
		{A77B0210-4848-4FC0-9BEB-6A0CF8283B26}.Debug|Any CPU.Build.0 = Debug|Any CPU
		{A77B0210-4848-4FC0-9BEB-6A0CF8283B26}.Release|Any CPU.ActiveCfg = Release|Any CPU
		{A77B0210-4848-4FC0-9BEB-6A0CF8283B26}.Release|Any CPU.Build.0 = Release|Any CPU
		{A89D6D40-92CC-4DDF-ABF6-7A1FF96AD90C}.Debug|Any CPU.ActiveCfg = Debug|Any CPU
		{A89D6D40-92CC-4DDF-ABF6-7A1FF96AD90C}.Debug|Any CPU.Build.0 = Debug|Any CPU
		{A89D6D40-92CC-4DDF-ABF6-7A1FF96AD90C}.Release|Any CPU.ActiveCfg = Release|Any CPU
		{A89D6D40-92CC-4DDF-ABF6-7A1FF96AD90C}.Release|Any CPU.Build.0 = Release|Any CPU
		{A3C48AA9-DEB4-4B88-B9B4-6577941DE88B}.Debug|Any CPU.ActiveCfg = Debug|Any CPU
		{A3C48AA9-DEB4-4B88-B9B4-6577941DE88B}.Debug|Any CPU.Build.0 = Debug|Any CPU
		{A3C48AA9-DEB4-4B88-B9B4-6577941DE88B}.Release|Any CPU.ActiveCfg = Release|Any CPU
		{A3C48AA9-DEB4-4B88-B9B4-6577941DE88B}.Release|Any CPU.Build.0 = Release|Any CPU
		{703D8FC7-4744-4179-9CD7-FCF7303BCF76}.Debug|Any CPU.ActiveCfg = Debug|Any CPU
		{703D8FC7-4744-4179-9CD7-FCF7303BCF76}.Debug|Any CPU.Build.0 = Debug|Any CPU
		{703D8FC7-4744-4179-9CD7-FCF7303BCF76}.Release|Any CPU.ActiveCfg = Release|Any CPU
		{703D8FC7-4744-4179-9CD7-FCF7303BCF76}.Release|Any CPU.Build.0 = Release|Any CPU
		{9F4C4DFC-DE15-4AD1-B599-69A966D423B7}.Debug|Any CPU.ActiveCfg = Debug|Any CPU
		{9F4C4DFC-DE15-4AD1-B599-69A966D423B7}.Debug|Any CPU.Build.0 = Debug|Any CPU
		{9F4C4DFC-DE15-4AD1-B599-69A966D423B7}.Release|Any CPU.ActiveCfg = Release|Any CPU
		{9F4C4DFC-DE15-4AD1-B599-69A966D423B7}.Release|Any CPU.Build.0 = Release|Any CPU
		{DB6C696D-3D2D-46E1-A9AD-433B7D52DAF8}.Debug|Any CPU.ActiveCfg = Debug|Any CPU
		{DB6C696D-3D2D-46E1-A9AD-433B7D52DAF8}.Debug|Any CPU.Build.0 = Debug|Any CPU
		{DB6C696D-3D2D-46E1-A9AD-433B7D52DAF8}.Release|Any CPU.ActiveCfg = Release|Any CPU
		{DB6C696D-3D2D-46E1-A9AD-433B7D52DAF8}.Release|Any CPU.Build.0 = Release|Any CPU
		{61DC5C8C-A376-4DF6-8A63-8425D7B33297}.Debug|Any CPU.ActiveCfg = Debug|Any CPU
		{61DC5C8C-A376-4DF6-8A63-8425D7B33297}.Debug|Any CPU.Build.0 = Debug|Any CPU
		{61DC5C8C-A376-4DF6-8A63-8425D7B33297}.Release|Any CPU.ActiveCfg = Release|Any CPU
		{61DC5C8C-A376-4DF6-8A63-8425D7B33297}.Release|Any CPU.Build.0 = Release|Any CPU
		{77C6F970-C468-40E2-8E41-472E1ACD53AA}.Debug|Any CPU.ActiveCfg = Debug|Any CPU
		{77C6F970-C468-40E2-8E41-472E1ACD53AA}.Debug|Any CPU.Build.0 = Debug|Any CPU
		{77C6F970-C468-40E2-8E41-472E1ACD53AA}.Release|Any CPU.ActiveCfg = Release|Any CPU
		{77C6F970-C468-40E2-8E41-472E1ACD53AA}.Release|Any CPU.Build.0 = Release|Any CPU
		{F4E0C0DB-BC7D-4CF8-B82A-042C06EAFBF3}.Debug|Any CPU.ActiveCfg = Debug|Any CPU
		{F4E0C0DB-BC7D-4CF8-B82A-042C06EAFBF3}.Debug|Any CPU.Build.0 = Debug|Any CPU
		{F4E0C0DB-BC7D-4CF8-B82A-042C06EAFBF3}.Release|Any CPU.ActiveCfg = Release|Any CPU
		{F4E0C0DB-BC7D-4CF8-B82A-042C06EAFBF3}.Release|Any CPU.Build.0 = Release|Any CPU
	EndGlobalSection
	GlobalSection(SolutionProperties) = preSolution
		HideSolutionNode = FALSE
	EndGlobalSection
	GlobalSection(ExtensibilityGlobals) = postSolution
		SolutionGuid = {59849947-9FE8-436A-A588-184F3FF11208}
	EndGlobalSection
EndGlobal
